
Microsoft Visual Studio Solution File, Format Version 12.00
# Visual Studio Version 16
VisualStudioVersion = 16.0.29519.181
MinimumVisualStudioVersion = 10.0.40219.1
Project("{FAE04EC0-301F-11D3-BF4B-00C04F79EFBC}") = "Blazoroku", "Blazoroku\Blazoroku.csproj", "{1DDB7E2A-3991-4572-B68B-6E07C0D205B4}"
EndProject
Global
	GlobalSection(SolutionConfigurationPlatforms) = preSolution
		Debug|Any CPU = Debug|Any CPU
		Release|Any CPU = Release|Any CPU
	EndGlobalSection
	GlobalSection(ProjectConfigurationPlatforms) = postSolution
		{1DDB7E2A-3991-4572-B68B-6E07C0D205B4}.Debug|Any CPU.ActiveCfg = Debug|Any CPU
		{1DDB7E2A-3991-4572-B68B-6E07C0D205B4}.Debug|Any CPU.Build.0 = Debug|Any CPU
		{1DDB7E2A-3991-4572-B68B-6E07C0D205B4}.Release|Any CPU.ActiveCfg = Release|Any CPU
		{1DDB7E2A-3991-4572-B68B-6E07C0D205B4}.Release|Any CPU.Build.0 = Release|Any CPU
	EndGlobalSection
	GlobalSection(SolutionProperties) = preSolution
		HideSolutionNode = FALSE
	EndGlobalSection
	GlobalSection(ExtensibilityGlobals) = postSolution
		SolutionGuid = {6AC373F8-EA82-4C16-B37A-F2A4CA2FA508}
	EndGlobalSection
EndGlobal
